
Microsoft Visual Studio Solution File, Format Version 12.00
# Visual Studio Version 16
VisualStudioVersion = 16.0.30204.135
MinimumVisualStudioVersion = 10.0.40219.1
Project("{FAE04EC0-301F-11D3-BF4B-00C04F79EFBC}") = "AtCoder", "AtCoder\AtCoder.csproj", "{BE0DC870-B1A6-4E25-84AE-6E93FC0EE945}"
EndProject
Project("{FAE04EC0-301F-11D3-BF4B-00C04F79EFBC}") = "AtCoderDotNetCore", "AtCoderDotNetCore\AtCoderDotNetCore.csproj", "{5C4CA168-92DC-49BE-B510-0B0E4F81BF2E}"
EndProject
Global
	GlobalSection(SolutionConfigurationPlatforms) = preSolution
		Debug|Any CPU = Debug|Any CPU
		Release|Any CPU = Release|Any CPU
	EndGlobalSection
	GlobalSection(ProjectConfigurationPlatforms) = postSolution
		{BE0DC870-B1A6-4E25-84AE-6E93FC0EE945}.Debug|Any CPU.ActiveCfg = Debug|Any CPU
		{BE0DC870-B1A6-4E25-84AE-6E93FC0EE945}.Debug|Any CPU.Build.0 = Debug|Any CPU
		{BE0DC870-B1A6-4E25-84AE-6E93FC0EE945}.Release|Any CPU.ActiveCfg = Release|Any CPU
		{BE0DC870-B1A6-4E25-84AE-6E93FC0EE945}.Release|Any CPU.Build.0 = Release|Any CPU
		{5C4CA168-92DC-49BE-B510-0B0E4F81BF2E}.Debug|Any CPU.ActiveCfg = Debug|Any CPU
		{5C4CA168-92DC-49BE-B510-0B0E4F81BF2E}.Debug|Any CPU.Build.0 = Debug|Any CPU
		{5C4CA168-92DC-49BE-B510-0B0E4F81BF2E}.Release|Any CPU.ActiveCfg = Release|Any CPU
		{5C4CA168-92DC-49BE-B510-0B0E4F81BF2E}.Release|Any CPU.Build.0 = Release|Any CPU
	EndGlobalSection
	GlobalSection(SolutionProperties) = preSolution
		HideSolutionNode = FALSE
	EndGlobalSection
	GlobalSection(ExtensibilityGlobals) = postSolution
		SolutionGuid = {92CA4E8B-AC5A-40FF-93B9-7F63338FFDFA}
	EndGlobalSection
EndGlobal
